
Microsoft Visual Studio Solution File, Format Version 12.00
# Visual Studio Version 16
VisualStudioVersion = 16.0.31321.278
MinimumVisualStudioVersion = 10.0.40219.1
Project("{FAE04EC0-301F-11D3-BF4B-00C04F79EFBC}") = "API", "API.csproj", "{BE138AD3-FB29-4237-9A34-0B008AAA95C8}"
EndProject
Project("{FAE04EC0-301F-11D3-BF4B-00C04F79EFBC}") = "Model", "..\Model\Model.csproj", "{94E06EBC-1757-454D-AE9C-4E26D55D080D}"
EndProject
Project("{FAE04EC0-301F-11D3-BF4B-00C04F79EFBC}") = "Repository", "..\Repository\Repository.csproj", "{1460CDE3-CCF9-45F7-87AE-6ED54B0503B7}"
	ProjectSection(ProjectDependencies) = postProject
		{94E06EBC-1757-454D-AE9C-4E26D55D080D} = {94E06EBC-1757-454D-AE9C-4E26D55D080D}
	EndProjectSection
EndProject
Global
	GlobalSection(SolutionConfigurationPlatforms) = preSolution
		Debug|Any CPU = Debug|Any CPU
		Release|Any CPU = Release|Any CPU
	EndGlobalSection
	GlobalSection(ProjectConfigurationPlatforms) = postSolution
		{BE138AD3-FB29-4237-9A34-0B008AAA95C8}.Debug|Any CPU.ActiveCfg = Debug|Any CPU
		{BE138AD3-FB29-4237-9A34-0B008AAA95C8}.Debug|Any CPU.Build.0 = Debug|Any CPU
		{BE138AD3-FB29-4237-9A34-0B008AAA95C8}.Release|Any CPU.ActiveCfg = Release|Any CPU
		{BE138AD3-FB29-4237-9A34-0B008AAA95C8}.Release|Any CPU.Build.0 = Release|Any CPU
		{94E06EBC-1757-454D-AE9C-4E26D55D080D}.Debug|Any CPU.ActiveCfg = Debug|Any CPU
		{94E06EBC-1757-454D-AE9C-4E26D55D080D}.Debug|Any CPU.Build.0 = Debug|Any CPU
		{94E06EBC-1757-454D-AE9C-4E26D55D080D}.Release|Any CPU.ActiveCfg = Release|Any CPU
		{94E06EBC-1757-454D-AE9C-4E26D55D080D}.Release|Any CPU.Build.0 = Release|Any CPU
		{1460CDE3-CCF9-45F7-87AE-6ED54B0503B7}.Debug|Any CPU.ActiveCfg = Debug|Any CPU
		{1460CDE3-CCF9-45F7-87AE-6ED54B0503B7}.Debug|Any CPU.Build.0 = Debug|Any CPU
		{1460CDE3-CCF9-45F7-87AE-6ED54B0503B7}.Release|Any CPU.ActiveCfg = Release|Any CPU
		{1460CDE3-CCF9-45F7-87AE-6ED54B0503B7}.Release|Any CPU.Build.0 = Release|Any CPU
	EndGlobalSection
	GlobalSection(SolutionProperties) = preSolution
		HideSolutionNode = FALSE
	EndGlobalSection
	GlobalSection(ExtensibilityGlobals) = postSolution
		SolutionGuid = {3A9983AC-AE0D-4CD6-B16F-8A1AFFF605A3}
	EndGlobalSection
EndGlobal
